
Microsoft Visual Studio Solution File, Format Version 12.00
# Visual Studio Version 16
VisualStudioVersion = 16.0.28922.388
MinimumVisualStudioVersion = 10.0.40219.1
Project("{FAE04EC0-301F-11D3-BF4B-00C04F79EFBC}") = "De 7 Pionnen", "De 7 Pionnen\De 7 Pionnen.csproj", "{72B0CF67-8389-4B00-8EBE-3AAD112CABD9}"
EndProject
Global
	GlobalSection(SolutionConfigurationPlatforms) = preSolution
		Debug|Any CPU = Debug|Any CPU
		Release|Any CPU = Release|Any CPU
	EndGlobalSection
	GlobalSection(ProjectConfigurationPlatforms) = postSolution
		{72B0CF67-8389-4B00-8EBE-3AAD112CABD9}.Debug|Any CPU.ActiveCfg = Debug|Any CPU
		{72B0CF67-8389-4B00-8EBE-3AAD112CABD9}.Debug|Any CPU.Build.0 = Debug|Any CPU
		{72B0CF67-8389-4B00-8EBE-3AAD112CABD9}.Release|Any CPU.ActiveCfg = Release|Any CPU
		{72B0CF67-8389-4B00-8EBE-3AAD112CABD9}.Release|Any CPU.Build.0 = Release|Any CPU
	EndGlobalSection
	GlobalSection(SolutionProperties) = preSolution
		HideSolutionNode = FALSE
	EndGlobalSection
	GlobalSection(ExtensibilityGlobals) = postSolution
		SolutionGuid = {0495B15F-0257-468C-9F46-B4CC333C8148}
	EndGlobalSection
EndGlobal
